{
  "name": "mono-clean-arch-ts",
  "version": "1.0.0",
  "lockfileVersion": 3,
  "requires": true,
  "packages": {
    "": {
      "name": "mono-clean-arch-ts",
      "version": "1.0.0",
      "license": "ISC",
      "workspaces": [
        "packages/@road/pokemon",
        "packages/@road/pokemon-be",
        "packages/@road/pokemon-fe"
      ]
    },
    "node_modules/@road/pokemon": {
      "resolved": "packages/@road/pokemon",
      "link": true
    },
    "node_modules/@road/pokemon-be": {
      "resolved": "packages/@road/pokemon-be",
      "link": true
    },
    "node_modules/@road/pokemon-fe": {
      "resolved": "packages/@road/pokemon-fe",
      "link": true
    },
    "node_modules/bun-types": {
      "version": "1.0.7",
      "resolved": "https://registry.npmjs.org/bun-types/-/bun-types-1.0.7.tgz",
      "integrity": "sha512-zlIp+SCutbbugs6xDy+3WC3KO3zKySpF/bRfiTk/VJUdKt+WHAzlCtLplS7XglRYDFzhRhlzXMW/R5BHkw+u2Q==",
      "dev": true
    },
    "node_modules/typescript": {
      "version": "5.2.2",
      "license": "Apache-2.0",
      "peer": true,
      "bin": {
        "tsc": "bin/tsc",
        "tsserver": "bin/tsserver"
      },
      "engines": {
        "node": ">=14.17"
      }
    },
    "packages/@road/pokemon": {
      "version": "1.0.0",
      "license": "ISC",
      "devDependencies": {
        "bun-types": "latest"
      },
      "peerDependencies": {
        "typescript": "^5.0.0"
      }
    },
    "packages/@road/pokemon-be": {
      "version": "1.0.0",
      "license": "ISC",
      "dependencies": {
        "@road/pokemon": "^1.0.0"
      },
      "devDependencies": {
        "bun-types": "latest"
      },
      "peerDependencies": {
        "typescript": "^5.0.0"
      }
    },
    "packages/@road/pokemon-fe": {
      "version": "1.0.0",
      "license": "ISC",
      "dependencies": {
        "@road/pokemon": "^1.0.0"
      },
      "devDependencies": {
        "bun-types": "latest"
      },
      "peerDependencies": {
        "typescript": "^5.0.0"
      }
    }
  }
}
